// !$*UTF8*$!
{
	archiveVersion = 1;
	classes = {
	};
	objectVersion = 55;
	objects = {

/* Begin PBXBuildFile section */
		7118FB37272B91BF0092C912 /* MyRoomApp.swift in Sources */ = {isa = PBXBuildFile; fileRef = 7118FB36272B91BF0092C912 /* MyRoomApp.swift */; };
		7118FB39272B91BF0092C912 /* ContentView.swift in Sources */ = {isa = PBXBuildFile; fileRef = 7118FB38272B91BF0092C912 /* ContentView.swift */; };
		7118FB3B272B91C00092C912 /* Assets.xcassets in Resources */ = {isa = PBXBuildFile; fileRef = 7118FB3A272B91C00092C912 /* Assets.xcassets */; };
		7118FB3E272B91C00092C912 /* Preview Assets.xcassets in Resources */ = {isa = PBXBuildFile; fileRef = 7118FB3D272B91C00092C912 /* Preview Assets.xcassets */; };
		712290132733209F00445863 /* AddRoom.swift in Sources */ = {isa = PBXBuildFile; fileRef = 712290122733209F00445863 /* AddRoom.swift */; };
		713793FD2765E5D5001768D1 /* Model.xcdatamodeld in Sources */ = {isa = PBXBuildFile; fileRef = 713793FB2765E5D5001768D1 /* Model.xcdatamodeld */; };
		7137943E2765E9B2001768D1 /* Persistence.swift in Sources */ = {isa = PBXBuildFile; fileRef = 7137943D2765E9B2001768D1 /* Persistence.swift */; };
		7137944B2766391E001768D1 /* RoomModels+CoreDataClass.swift in Sources */ = {isa = PBXBuildFile; fileRef = 713794492766391E001768D1 /* RoomModels+CoreDataClass.swift */; };
		7137944C2766391E001768D1 /* RoomModels+CoreDataProperties.swift in Sources */ = {isa = PBXBuildFile; fileRef = 7137944A2766391E001768D1 /* RoomModels+CoreDataProperties.swift */; };
		713794542766E9B7001768D1 /* Assets.scnassets in Resources */ = {isa = PBXBuildFile; fileRef = 713794532766E99A001768D1 /* Assets.scnassets */; };
		713794582766F470001768D1 /* Utilities.swift in Sources */ = {isa = PBXBuildFile; fileRef = 713794572766F470001768D1 /* Utilities.swift */; };
		7137945A2766F4E7001768D1 /* Plane.swift in Sources */ = {isa = PBXBuildFile; fileRef = 713794592766F4E7001768D1 /* Plane.swift */; };
		7137945C2766F4EB001768D1 /* ViewController.swift in Sources */ = {isa = PBXBuildFile; fileRef = 7137945B2766F4EB001768D1 /* ViewController.swift */; };
		7137945E2766F5CD001768D1 /* ARKitView.swift in Sources */ = {isa = PBXBuildFile; fileRef = 7137945D2766F5CD001768D1 /* ARKitView.swift */; };
		7137946027670E98001768D1 /* ImageGallery.swift in Sources */ = {isa = PBXBuildFile; fileRef = 7137945F27670E98001768D1 /* ImageGallery.swift */; };
		715C3F7E2732F93A0030714E /* RoomList.swift in Sources */ = {isa = PBXBuildFile; fileRef = 715C3F7D2732F93A0030714E /* RoomList.swift */; };
		715C3F802732FA920030714E /* RoomDetail.swift in Sources */ = {isa = PBXBuildFile; fileRef = 715C3F7F2732FA920030714E /* RoomDetail.swift */; };
		715C3F822732FDC10030714E /* RoomSimpleInfo.swift in Sources */ = {isa = PBXBuildFile; fileRef = 715C3F812732FDC10030714E /* RoomSimpleInfo.swift */; };
		7172B29A273C27A3001A3640 /* PhotoPicker.swift in Sources */ = {isa = PBXBuildFile; fileRef = 7172B299273C27A3001A3640 /* PhotoPicker.swift */; };
		719F49E12732B833009475F8 /* MapView.swift in Sources */ = {isa = PBXBuildFile; fileRef = 719F49E02732B833009475F8 /* MapView.swift */; };
		719F49E32732B9D4009475F8 /* RoomDetailInfo.swift in Sources */ = {isa = PBXBuildFile; fileRef = 719F49E22732B9D4009475F8 /* RoomDetailInfo.swift */; };
		719F49E52732BC4A009475F8 /* Room.swift in Sources */ = {isa = PBXBuildFile; fileRef = 719F49E42732BC4A009475F8 /* Room.swift */; };
		719F49E72732C16C009475F8 /* ModelData.swift in Sources */ = {isa = PBXBuildFile; fileRef = 719F49E62732C16C009475F8 /* ModelData.swift */; };
		719F49EB2732CA34009475F8 /* RoomRow.swift in Sources */ = {isa = PBXBuildFile; fileRef = 719F49EA2732CA34009475F8 /* RoomRow.swift */; };
		71BA88602732E93F00DF9594 /* roomData.json in Resources */ = {isa = PBXBuildFile; fileRef = 71BA885F2732E93F00DF9594 /* roomData.json */; };
/* End PBXBuildFile section */

/* Begin PBXFileReference section */
		7118FB33272B91BF0092C912 /* MyRoom.app */ = {isa = PBXFileReference; explicitFileType = wrapper.application; includeInIndex = 0; path = MyRoom.app; sourceTree = BUILT_PRODUCTS_DIR; };
		7118FB36272B91BF0092C912 /* MyRoomApp.swift */ = {isa = PBXFileReference; lastKnownFileType = sourcecode.swift; path = MyRoomApp.swift; sourceTree = "<group>"; };
		7118FB38272B91BF0092C912 /* ContentView.swift */ = {isa = PBXFileReference; lastKnownFileType = sourcecode.swift; path = ContentView.swift; sourceTree = "<group>"; };
		7118FB3A272B91C00092C912 /* Assets.xcassets */ = {isa = PBXFileReference; lastKnownFileType = folder.assetcatalog; path = Assets.xcassets; sourceTree = "<group>"; };
		7118FB3D272B91C00092C912 /* Preview Assets.xcassets */ = {isa = PBXFileReference; lastKnownFileType = folder.assetcatalog; path = "Preview Assets.xcassets"; sourceTree = "<group>"; };
		712290122733209F00445863 /* AddRoom.swift */ = {isa = PBXFileReference; lastKnownFileType = sourcecode.swift; path = AddRoom.swift; sourceTree = "<group>"; };
		713793FC2765E5D5001768D1 /* Model.xcdatamodel */ = {isa = PBXFileReference; lastKnownFileType = wrapper.xcdatamodel; path = Model.xcdatamodel; sourceTree = "<group>"; };
		7137943D2765E9B2001768D1 /* Persistence.swift */ = {isa = PBXFileReference; lastKnownFileType = sourcecode.swift; path = Persistence.swift; sourceTree = "<group>"; };
		713794492766391E001768D1 /* RoomModels+CoreDataClass.swift */ = {isa = PBXFileReference; lastKnownFileType = sourcecode.swift; path = "RoomModels+CoreDataClass.swift"; sourceTree = "<group>"; };
		7137944A2766391E001768D1 /* RoomModels+CoreDataProperties.swift */ = {isa = PBXFileReference; lastKnownFileType = sourcecode.swift; path = "RoomModels+CoreDataProperties.swift"; sourceTree = "<group>"; };
		713794532766E99A001768D1 /* Assets.scnassets */ = {isa = PBXFileReference; lastKnownFileType = wrapper.scnassets; path = Assets.scnassets; sourceTree = "<group>"; };
		713794572766F470001768D1 /* Utilities.swift */ = {isa = PBXFileReference; lastKnownFileType = sourcecode.swift; path = Utilities.swift; sourceTree = "<group>"; };
		713794592766F4E7001768D1 /* Plane.swift */ = {isa = PBXFileReference; lastKnownFileType = sourcecode.swift; path = Plane.swift; sourceTree = "<group>"; };
		7137945B2766F4EB001768D1 /* ViewController.swift */ = {isa = PBXFileReference; lastKnownFileType = sourcecode.swift; path = ViewController.swift; sourceTree = "<group>"; };
		7137945D2766F5CD001768D1 /* ARKitView.swift */ = {isa = PBXFileReference; lastKnownFileType = sourcecode.swift; path = ARKitView.swift; sourceTree = "<group>"; };
		7137945F27670E98001768D1 /* ImageGallery.swift */ = {isa = PBXFileReference; lastKnownFileType = sourcecode.swift; path = ImageGallery.swift; sourceTree = "<group>"; };
		715C3F7D2732F93A0030714E /* RoomList.swift */ = {isa = PBXFileReference; lastKnownFileType = sourcecode.swift; path = RoomList.swift; sourceTree = "<group>"; };
		715C3F7F2732FA920030714E /* RoomDetail.swift */ = {isa = PBXFileReference; lastKnownFileType = sourcecode.swift; path = RoomDetail.swift; sourceTree = "<group>"; };
		715C3F812732FDC10030714E /* RoomSimpleInfo.swift */ = {isa = PBXFileReference; lastKnownFileType = sourcecode.swift; path = RoomSimpleInfo.swift; sourceTree = "<group>"; };
		7172B299273C27A3001A3640 /* PhotoPicker.swift */ = {isa = PBXFileReference; lastKnownFileType = sourcecode.swift; path = PhotoPicker.swift; sourceTree = "<group>"; };
		719F49E02732B833009475F8 /* MapView.swift */ = {isa = PBXFileReference; lastKnownFileType = sourcecode.swift; path = MapView.swift; sourceTree = "<group>"; };
		719F49E22732B9D4009475F8 /* RoomDetailInfo.swift */ = {isa = PBXFileReference; lastKnownFileType = sourcecode.swift; path = RoomDetailInfo.swift; sourceTree = "<group>"; };
		719F49E42732BC4A009475F8 /* Room.swift */ = {isa = PBXFileReference; lastKnownFileType = sourcecode.swift; path = Room.swift; sourceTree = "<group>"; };
		719F49E62732C16C009475F8 /* ModelData.swift */ = {isa = PBXFileReference; lastKnownFileType = sourcecode.swift; path = ModelData.swift; sourceTree = "<group>"; };
		719F49EA2732CA34009475F8 /* RoomRow.swift */ = {isa = PBXFileReference; lastKnownFileType = sourcecode.swift; path = RoomRow.swift; sourceTree = "<group>"; };
		71BA885F2732E93F00DF9594 /* roomData.json */ = {isa = PBXFileReference; fileEncoding = 4; lastKnownFileType = text.json; path = roomData.json; sourceTree = "<group>"; };
/* End PBXFileReference section */

/* Begin PBXFrameworksBuildPhase section */
		7118FB30272B91BF0092C912 /* Frameworks */ = {
			isa = PBXFrameworksBuildPhase;
			buildActionMask = 2147483647;
			files = (
			);
			runOnlyForDeploymentPostprocessing = 0;
		};
/* End PBXFrameworksBuildPhase section */

/* Begin PBXGroup section */
		7118FB2A272B91BF0092C912 = {
			isa = PBXGroup;
			children = (
				713794492766391E001768D1 /* RoomModels+CoreDataClass.swift */,
				7137944A2766391E001768D1 /* RoomModels+CoreDataProperties.swift */,
				7118FB35272B91BF0092C912 /* MyRoom */,
				7118FB34272B91BF0092C912 /* Products */,
			);
			sourceTree = "<group>";
		};
		7118FB34272B91BF0092C912 /* Products */ = {
			isa = PBXGroup;
			children = (
				7118FB33272B91BF0092C912 /* MyRoom.app */,
			);
			name = Products;
			sourceTree = "<group>";
		};
		7118FB35272B91BF0092C912 /* MyRoom */ = {
			isa = PBXGroup;
			children = (
				7118FB36272B91BF0092C912 /* MyRoomApp.swift */,
				716A902F2732A01F0030ED73 /* Views */,
				719F49E82732C9B6009475F8 /* Model */,
				719F49E92732C9C7009475F8 /* Resources */,
				7118FB3A272B91C00092C912 /* Assets.xcassets */,
				7118FB3C272B91C00092C912 /* Preview Content */,
				713793FB2765E5D5001768D1 /* Model.xcdatamodeld */,
				7137943D2765E9B2001768D1 /* Persistence.swift */,
				713794562766EA53001768D1 /* ARKit */,
			);
			path = MyRoom;
			sourceTree = "<group>";
		};
		7118FB3C272B91C00092C912 /* Preview Content */ = {
			isa = PBXGroup;
			children = (
				7118FB3D272B91C00092C912 /* Preview Assets.xcassets */,
			);
			path = "Preview Content";
			sourceTree = "<group>";
		};
		713794562766EA53001768D1 /* ARKit */ = {
			isa = PBXGroup;
			children = (
				7137945D2766F5CD001768D1 /* ARKitView.swift */,
				7137945B2766F4EB001768D1 /* ViewController.swift */,
				713794592766F4E7001768D1 /* Plane.swift */,
				713794572766F470001768D1 /* Utilities.swift */,
				713794532766E99A001768D1 /* Assets.scnassets */,
			);
			path = ARKit;
			sourceTree = "<group>";
		};
		716A902F2732A01F0030ED73 /* Views */ = {
			isa = PBXGroup;
			children = (
				7118FB38272B91BF0092C912 /* ContentView.swift */,
				719F49E02732B833009475F8 /* MapView.swift */,
				717370F7273BE1E400E64E41 /* RoomInfo */,
				715C3F7D2732F93A0030714E /* RoomList.swift */,
				712290122733209F00445863 /* AddRoom.swift */,
			);
			path = Views;
			sourceTree = "<group>";
		};
		717370F7273BE1E400E64E41 /* RoomInfo */ = {
			isa = PBXGroup;
			children = (
				7137945F27670E98001768D1 /* ImageGallery.swift */,
				719F49E22732B9D4009475F8 /* RoomDetailInfo.swift */,
				719F49EA2732CA34009475F8 /* RoomRow.swift */,
				715C3F7F2732FA920030714E /* RoomDetail.swift */,
				715C3F812732FDC10030714E /* RoomSimpleInfo.swift */,
			);
			path = RoomInfo;
			sourceTree = "<group>";
		};
		719F49E82732C9B6009475F8 /* Model */ = {
			isa = PBXGroup;
			children = (
				719F49E62732C16C009475F8 /* ModelData.swift */,
				719F49E42732BC4A009475F8 /* Room.swift */,
				7172B299273C27A3001A3640 /* PhotoPicker.swift */,
			);
			path = Model;
			sourceTree = "<group>";
		};
		719F49E92732C9C7009475F8 /* Resources */ = {
			isa = PBXGroup;
			children = (
				71BA885F2732E93F00DF9594 /* roomData.json */,
			);
			path = Resources;
			sourceTree = "<group>";
		};
/* End PBXGroup section */

/* Begin PBXNativeTarget section */
		7118FB32272B91BF0092C912 /* MyRoom */ = {
			isa = PBXNativeTarget;
			buildConfigurationList = 7118FB41272B91C00092C912 /* Build configuration list for PBXNativeTarget "MyRoom" */;
			buildPhases = (
				7118FB2F272B91BF0092C912 /* Sources */,
				7118FB30272B91BF0092C912 /* Frameworks */,
				7118FB31272B91BF0092C912 /* Resources */,
			);
			buildRules = (
			);
			dependencies = (
			);
			name = MyRoom;
			productName = MyRoom;
			productReference = 7118FB33272B91BF0092C912 /* MyRoom.app */;
			productType = "com.apple.product-type.application";
		};
/* End PBXNativeTarget section */

/* Begin PBXProject section */
		7118FB2B272B91BF0092C912 /* Project object */ = {
			isa = PBXProject;
			attributes = {
				BuildIndependentTargetsInParallel = 1;
				LastSwiftUpdateCheck = 1310;
				LastUpgradeCheck = 1310;
				TargetAttributes = {
					7118FB32272B91BF0092C912 = {
						CreatedOnToolsVersion = 13.1;
					};
				};
			};
			buildConfigurationList = 7118FB2E272B91BF0092C912 /* Build configuration list for PBXProject "MyRoom" */;
			compatibilityVersion = "Xcode 13.0";
			developmentRegion = en;
			hasScannedForEncodings = 0;
			knownRegions = (
				en,
				Base,
			);
			mainGroup = 7118FB2A272B91BF0092C912;
			productRefGroup = 7118FB34272B91BF0092C912 /* Products */;
			projectDirPath = "";
			projectRoot = "";
			targets = (
				7118FB32272B91BF0092C912 /* MyRoom */,
			);
		};
/* End PBXProject section */

/* Begin PBXResourcesBuildPhase section */
		7118FB31272B91BF0092C912 /* Resources */ = {
			isa = PBXResourcesBuildPhase;
			buildActionMask = 2147483647;
			files = (
				713794542766E9B7001768D1 /* Assets.scnassets in Resources */,
				71BA88602732E93F00DF9594 /* roomData.json in Resources */,
				7118FB3E272B91C00092C912 /* Preview Assets.xcassets in Resources */,
				7118FB3B272B91C00092C912 /* Assets.xcassets in Resources */,
			);
			runOnlyForDeploymentPostprocessing = 0;
		};
/* End PBXResourcesBuildPhase section */

/* Begin PBXSourcesBuildPhase section */
		7118FB2F272B91BF0092C912 /* Sources */ = {
			isa = PBXSourcesBuildPhase;
			buildActionMask = 2147483647;
			files = (
				715C3F822732FDC10030714E /* RoomSimpleInfo.swift in Sources */,
				7137945C2766F4EB001768D1 /* ViewController.swift in Sources */,
				712290132733209F00445863 /* AddRoom.swift in Sources */,
				719F49E32732B9D4009475F8 /* RoomDetailInfo.swift in Sources */,
				7137943E2765E9B2001768D1 /* Persistence.swift in Sources */,
				719F49E52732BC4A009475F8 /* Room.swift in Sources */,
				715C3F7E2732F93A0030714E /* RoomList.swift in Sources */,
				7118FB39272B91BF0092C912 /* ContentView.swift in Sources */,
				7137945E2766F5CD001768D1 /* ARKitView.swift in Sources */,
				715C3F802732FA920030714E /* RoomDetail.swift in Sources */,
				719F49E12732B833009475F8 /* MapView.swift in Sources */,
				7172B29A273C27A3001A3640 /* PhotoPicker.swift in Sources */,
				7137945A2766F4E7001768D1 /* Plane.swift in Sources */,
				713794582766F470001768D1 /* Utilities.swift in Sources */,
				7137944C2766391E001768D1 /* RoomModels+CoreDataProperties.swift in Sources */,
				719F49EB2732CA34009475F8 /* RoomRow.swift in Sources */,
				7137944B2766391E001768D1 /* RoomModels+CoreDataClass.swift in Sources */,
				7118FB37272B91BF0092C912 /* MyRoomApp.swift in Sources */,
				7137946027670E98001768D1 /* ImageGallery.swift in Sources */,
				713793FD2765E5D5001768D1 /* Model.xcdatamodeld in Sources */,
				719F49E72732C16C009475F8 /* ModelData.swift in Sources */,
			);
			runOnlyForDeploymentPostprocessing = 0;
		};
/* End PBXSourcesBuildPhase section */

/* Begin XCBuildConfiguration section */
		7118FB3F272B91C00092C912 /* Debug */ = {
			isa = XCBuildConfiguration;
			buildSettings = {
				ALWAYS_SEARCH_USER_PATHS = NO;
				CLANG_ANALYZER_NONNULL = YES;
				CLANG_ANALYZER_NUMBER_OBJECT_CONVERSION = YES_AGGRESSIVE;
				CLANG_CXX_LANGUAGE_STANDARD = "gnu++17";
				CLANG_CXX_LIBRARY = "libc++";
				CLANG_ENABLE_MODULES = YES;
				CLANG_ENABLE_OBJC_ARC = YES;
				CLANG_ENABLE_OBJC_WEAK = YES;
				CLANG_WARN_BLOCK_CAPTURE_AUTORELEASING = YES;
				CLANG_WARN_BOOL_CONVERSION = YES;
				CLANG_WARN_COMMA = YES;
				CLANG_WARN_CONSTANT_CONVERSION = YES;
				CLANG_WARN_DEPRECATED_OBJC_IMPLEMENTATIONS = YES;
				CLANG_WARN_DIRECT_OBJC_ISA_USAGE = YES_ERROR;
				CLANG_WARN_DOCUMENTATION_COMMENTS = YES;
				CLANG_WARN_EMPTY_BODY = YES;
				CLANG_WARN_ENUM_CONVERSION = YES;
				CLANG_WARN_INFINITE_RECURSION = YES;
				CLANG_WARN_INT_CONVERSION = YES;
				CLANG_WARN_NON_LITERAL_NULL_CONVERSION = YES;
				CLANG_WARN_OBJC_IMPLICIT_RETAIN_SELF = YES;
				CLANG_WARN_OBJC_LITERAL_CONVERSION = YES;
				CLANG_WARN_OBJC_ROOT_CLASS = YES_ERROR;
				CLANG_WARN_QUOTED_INCLUDE_IN_FRAMEWORK_HEADER = YES;
				CLANG_WARN_RANGE_LOOP_ANALYSIS = YES;
				CLANG_WARN_STRICT_PROTOTYPES = YES;
				CLANG_WARN_SUSPICIOUS_MOVE = YES;
				CLANG_WARN_UNGUARDED_AVAILABILITY = YES_AGGRESSIVE;
				CLANG_WARN_UNREACHABLE_CODE = YES;
				CLANG_WARN__DUPLICATE_METHOD_MATCH = YES;
				COPY_PHASE_STRIP = NO;
				DEBUG_INFORMATION_FORMAT = dwarf;
				ENABLE_STRICT_OBJC_MSGSEND = YES;
				ENABLE_TESTABILITY = YES;
				GCC_C_LANGUAGE_STANDARD = gnu11;
				GCC_DYNAMIC_NO_PIC = NO;
				GCC_NO_COMMON_BLOCKS = YES;
				GCC_OPTIMIZATION_LEVEL = 0;
				GCC_PREPROCESSOR_DEFINITIONS = (
					"DEBUG=1",
					"$(inherited)",
				);
				GCC_WARN_64_TO_32_BIT_CONVERSION = YES;
				GCC_WARN_ABOUT_RETURN_TYPE = YES_ERROR;
				GCC_WARN_UNDECLARED_SELECTOR = YES;
				GCC_WARN_UNINITIALIZED_AUTOS = YES_AGGRESSIVE;
				GCC_WARN_UNUSED_FUNCTION = YES;
				GCC_WARN_UNUSED_VARIABLE = YES;
				IPHONEOS_DEPLOYMENT_TARGET = 15.0;
				MTL_ENABLE_DEBUG_INFO = INCLUDE_SOURCE;
				MTL_FAST_MATH = YES;
				ONLY_ACTIVE_ARCH = YES;
				SDKROOT = iphoneos;
				SWIFT_ACTIVE_COMPILATION_CONDITIONS = DEBUG;
				SWIFT_OPTIMIZATION_LEVEL = "-Onone";
			};
			name = Debug;
		};
		7118FB40272B91C00092C912 /* Release */ = {
			isa = XCBuildConfiguration;
			buildSettings = {
				ALWAYS_SEARCH_USER_PATHS = NO;
				CLANG_ANALYZER_NONNULL = YES;
				CLANG_ANALYZER_NUMBER_OBJECT_CONVERSION = YES_AGGRESSIVE;
				CLANG_CXX_LANGUAGE_STANDARD = "gnu++17";
				CLANG_CXX_LIBRARY = "libc++";
				CLANG_ENABLE_MODULES = YES;
				CLANG_ENABLE_OBJC_ARC = YES;
				CLANG_ENABLE_OBJC_WEAK = YES;
				CLANG_WARN_BLOCK_CAPTURE_AUTORELEASING = YES;
				CLANG_WARN_BOOL_CONVERSION = YES;
				CLANG_WARN_COMMA = YES;
				CLANG_WARN_CONSTANT_CONVERSION = YES;
				CLANG_WARN_DEPRECATED_OBJC_IMPLEMENTATIONS = YES;
				CLANG_WARN_DIRECT_OBJC_ISA_USAGE = YES_ERROR;
				CLANG_WARN_DOCUMENTATION_COMMENTS = YES;
				CLANG_WARN_EMPTY_BODY = YES;
				CLANG_WARN_ENUM_CONVERSION = YES;
				CLANG_WARN_INFINITE_RECURSION = YES;
				CLANG_WARN_INT_CONVERSION = YES;
				CLANG_WARN_NON_LITERAL_NULL_CONVERSION = YES;
				CLANG_WARN_OBJC_IMPLICIT_RETAIN_SELF = YES;
				CLANG_WARN_OBJC_LITERAL_CONVERSION = YES;
				CLANG_WARN_OBJC_ROOT_CLASS = YES_ERROR;
				CLANG_WARN_QUOTED_INCLUDE_IN_FRAMEWORK_HEADER = YES;
				CLANG_WARN_RANGE_LOOP_ANALYSIS = YES;
				CLANG_WARN_STRICT_PROTOTYPES = YES;
				CLANG_WARN_SUSPICIOUS_MOVE = YES;
				CLANG_WARN_UNGUARDED_AVAILABILITY = YES_AGGRESSIVE;
				CLANG_WARN_UNREACHABLE_CODE = YES;
				CLANG_WARN__DUPLICATE_METHOD_MATCH = YES;
				COPY_PHASE_STRIP = NO;
				DEBUG_INFORMATION_FORMAT = "dwarf-with-dsym";
				ENABLE_NS_ASSERTIONS = NO;
				ENABLE_STRICT_OBJC_MSGSEND = YES;
				GCC_C_LANGUAGE_STANDARD = gnu11;
				GCC_NO_COMMON_BLOCKS = YES;
				GCC_WARN_64_TO_32_BIT_CONVERSION = YES;
				GCC_WARN_ABOUT_RETURN_TYPE = YES_ERROR;
				GCC_WARN_UNDECLARED_SELECTOR = YES;
				GCC_WARN_UNINITIALIZED_AUTOS = YES_AGGRESSIVE;
				GCC_WARN_UNUSED_FUNCTION = YES;
				GCC_WARN_UNUSED_VARIABLE = YES;
				IPHONEOS_DEPLOYMENT_TARGET = 15.0;
				MTL_ENABLE_DEBUG_INFO = NO;
				MTL_FAST_MATH = YES;
				SDKROOT = iphoneos;
				SWIFT_COMPILATION_MODE = wholemodule;
				SWIFT_OPTIMIZATION_LEVEL = "-O";
				VALIDATE_PRODUCT = YES;
			};
			name = Release;
		};
		7118FB42272B91C00092C912 /* Debug */ = {
			isa = XCBuildConfiguration;
			buildSettings = {
				ASSETCATALOG_COMPILER_APPICON_NAME = AppIcon;
				ASSETCATALOG_COMPILER_GLOBAL_ACCENT_COLOR_NAME = AccentColor;
				CODE_SIGN_STYLE = Automatic;
				CURRENT_PROJECT_VERSION = 1;
				DEVELOPMENT_ASSET_PATHS = "\"MyRoom/Preview Content\"";
				DEVELOPMENT_TEAM = LW9AR5U74A;
				ENABLE_PREVIEWS = YES;
				GENERATE_INFOPLIST_FILE = YES;
				INFOPLIST_KEY_NSCameraUsageDescription = "사진 촬영을 위해 카메라 접근 권한을 허용해 주세요.";
				INFOPLIST_KEY_NSPhotoLibraryUsageDescription = "사진 첨부를 위해 라이브러리 접근 권한을 허용해 주세요.";
				INFOPLIST_KEY_UIApplicationSceneManifest_Generation = YES;
				INFOPLIST_KEY_UIApplicationSupportsIndirectInputEvents = YES;
				INFOPLIST_KEY_UILaunchScreen_Generation = YES;
				INFOPLIST_KEY_UISupportedInterfaceOrientations_iPad = "UIInterfaceOrientationPortrait UIInterfaceOrientationPortraitUpsideDown UIInterfaceOrientationLandscapeLeft UIInterfaceOrientationLandscapeRight";
				INFOPLIST_KEY_UISupportedInterfaceOrientations_iPhone = "UIInterfaceOrientationPortrait UIInterfaceOrientationLandscapeLeft UIInterfaceOrientationLandscapeRight";
				LD_RUNPATH_SEARCH_PATHS = (
					"$(inherited)",
					"@executable_path/Frameworks",
				);
				MARKETING_VERSION = 1.0;
				PRODUCT_BUNDLE_IDENTIFIER = housedone.MyRoom;
				PRODUCT_NAME = "$(TARGET_NAME)";
				SWIFT_EMIT_LOC_STRINGS = YES;
				SWIFT_VERSION = 5.0;
				TARGETED_DEVICE_FAMILY = "1,2";
			};
			name = Debug;
		};
		7118FB43272B91C00092C912 /* Release */ = {
			isa = XCBuildConfiguration;
			buildSettings = {
				ASSETCATALOG_COMPILER_APPICON_NAME = AppIcon;
				ASSETCATALOG_COMPILER_GLOBAL_ACCENT_COLOR_NAME = AccentColor;
				CODE_SIGN_STYLE = Automatic;
				CURRENT_PROJECT_VERSION = 1;
				DEVELOPMENT_ASSET_PATHS = "\"MyRoom/Preview Content\"";
				DEVELOPMENT_TEAM = LW9AR5U74A;
				ENABLE_PREVIEWS = YES;
				GENERATE_INFOPLIST_FILE = YES;
				INFOPLIST_KEY_NSCameraUsageDescription = "사진 촬영을 위해 카메라 접근 권한을 허용해 주세요.";
				INFOPLIST_KEY_NSPhotoLibraryUsageDescription = "사진 첨부를 위해 라이브러리 접근 권한을 허용해 주세요.";
				INFOPLIST_KEY_UIApplicationSceneManifest_Generation = YES;
				INFOPLIST_KEY_UIApplicationSupportsIndirectInputEvents = YES;
				INFOPLIST_KEY_UILaunchScreen_Generation = YES;
				INFOPLIST_KEY_UISupportedInterfaceOrientations_iPad = "UIInterfaceOrientationPortrait UIInterfaceOrientationPortraitUpsideDown UIInterfaceOrientationLandscapeLeft UIInterfaceOrientationLandscapeRight";
				INFOPLIST_KEY_UISupportedInterfaceOrientations_iPhone = "UIInterfaceOrientationPortrait UIInterfaceOrientationLandscapeLeft UIInterfaceOrientationLandscapeRight";
				LD_RUNPATH_SEARCH_PATHS = (
					"$(inherited)",
					"@executable_path/Frameworks",
				);
				MARKETING_VERSION = 1.0;
				PRODUCT_BUNDLE_IDENTIFIER = housedone.MyRoom;
				PRODUCT_NAME = "$(TARGET_NAME)";
				SWIFT_EMIT_LOC_STRINGS = YES;
				SWIFT_VERSION = 5.0;
				TARGETED_DEVICE_FAMILY = "1,2";
			};
			name = Release;
		};
/* End XCBuildConfiguration section */

/* Begin XCConfigurationList section */
		7118FB2E272B91BF0092C912 /* Build configuration list for PBXProject "MyRoom" */ = {
			isa = XCConfigurationList;
			buildConfigurations = (
				7118FB3F272B91C00092C912 /* Debug */,
				7118FB40272B91C00092C912 /* Release */,
			);
			defaultConfigurationIsVisible = 0;
			defaultConfigurationName = Release;
		};
		7118FB41272B91C00092C912 /* Build configuration list for PBXNativeTarget "MyRoom" */ = {
			isa = XCConfigurationList;
			buildConfigurations = (
				7118FB42272B91C00092C912 /* Debug */,
				7118FB43272B91C00092C912 /* Release */,
			);
			defaultConfigurationIsVisible = 0;
			defaultConfigurationName = Release;
		};
/* End XCConfigurationList section */

/* Begin XCVersionGroup section */
		713793FB2765E5D5001768D1 /* Model.xcdatamodeld */ = {
			isa = XCVersionGroup;
			children = (
				713793FC2765E5D5001768D1 /* Model.xcdatamodel */,
			);
			currentVersion = 713793FC2765E5D5001768D1 /* Model.xcdatamodel */;
			path = Model.xcdatamodeld;
			sourceTree = "<group>";
			versionGroupType = wrapper.xcdatamodel;
		};
/* End XCVersionGroup section */
	};
	rootObject = 7118FB2B272B91BF0092C912 /* Project object */;
}
